
Microsoft Visual Studio Solution File, Format Version 12.00
Project("{FAE04EC0-301F-11D3-BF4B-00C04F79EFBC}") = "hotel-reservation-DAL", "hotel-reservation-DAL\hotel-reservation-DAL.csproj", "{55FB5650-7956-4AED-91C4-7791D9849A20}"
EndProject
Global
	GlobalSection(SolutionConfigurationPlatforms) = preSolution
		Debug|Any CPU = Debug|Any CPU
		Release|Any CPU = Release|Any CPU
	EndGlobalSection
	GlobalSection(ProjectConfigurationPlatforms) = postSolution
		{55FB5650-7956-4AED-91C4-7791D9849A20}.Debug|Any CPU.ActiveCfg = Debug|Any CPU
		{55FB5650-7956-4AED-91C4-7791D9849A20}.Debug|Any CPU.Build.0 = Debug|Any CPU
		{55FB5650-7956-4AED-91C4-7791D9849A20}.Release|Any CPU.ActiveCfg = Release|Any CPU
		{55FB5650-7956-4AED-91C4-7791D9849A20}.Release|Any CPU.Build.0 = Release|Any CPU
	EndGlobalSection
EndGlobal
